
Microsoft Visual Studio Solution File, Format Version 12.00
# Visual Studio Version 17
VisualStudioVersion = 17.9.34728.123
MinimumVisualStudioVersion = 10.0.40219.1
Project("{9A19103F-16F7-4668-BE54-9A1E7A4F7556}") = "ElectricFox.Ftdi.CmdLine", "ElectricFox.Ftdi.CmdLine\ElectricFox.Ftdi.CmdLine.csproj", "{9FEE03C5-C7E4-4195-8A9A-DC77083E4E4B}"
EndProject
Project("{9A19103F-16F7-4668-BE54-9A1E7A4F7556}") = "ElectricFox.Ftdi.I2C", "ElectricFox.Ftdi.I2C\ElectricFox.Ftdi.I2C.csproj", "{C62F6322-4A1B-424D-AFD5-1180A6EB0DF4}"
EndProject
Project("{9A19103F-16F7-4668-BE54-9A1E7A4F7556}") = "ElectricFox.Ftdi.Mpsse", "ElectricFox.Ftdi.Mpsse\ElectricFox.Ftdi.Mpsse.csproj", "{50C47BE3-7267-428C-B975-8F4F20B893EC}"
EndProject
Global
	GlobalSection(SolutionConfigurationPlatforms) = preSolution
		Debug|Any CPU = Debug|Any CPU
		Release|Any CPU = Release|Any CPU
	EndGlobalSection
	GlobalSection(ProjectConfigurationPlatforms) = postSolution
		{9FEE03C5-C7E4-4195-8A9A-DC77083E4E4B}.Debug|Any CPU.ActiveCfg = Debug|Any CPU
		{9FEE03C5-C7E4-4195-8A9A-DC77083E4E4B}.Debug|Any CPU.Build.0 = Debug|Any CPU
		{9FEE03C5-C7E4-4195-8A9A-DC77083E4E4B}.Release|Any CPU.ActiveCfg = Release|Any CPU
		{9FEE03C5-C7E4-4195-8A9A-DC77083E4E4B}.Release|Any CPU.Build.0 = Release|Any CPU
		{C62F6322-4A1B-424D-AFD5-1180A6EB0DF4}.Debug|Any CPU.ActiveCfg = Debug|Any CPU
		{C62F6322-4A1B-424D-AFD5-1180A6EB0DF4}.Debug|Any CPU.Build.0 = Debug|Any CPU
		{C62F6322-4A1B-424D-AFD5-1180A6EB0DF4}.Release|Any CPU.ActiveCfg = Release|Any CPU
		{C62F6322-4A1B-424D-AFD5-1180A6EB0DF4}.Release|Any CPU.Build.0 = Release|Any CPU
		{50C47BE3-7267-428C-B975-8F4F20B893EC}.Debug|Any CPU.ActiveCfg = Debug|Any CPU
		{50C47BE3-7267-428C-B975-8F4F20B893EC}.Debug|Any CPU.Build.0 = Debug|Any CPU
		{50C47BE3-7267-428C-B975-8F4F20B893EC}.Release|Any CPU.ActiveCfg = Release|Any CPU
		{50C47BE3-7267-428C-B975-8F4F20B893EC}.Release|Any CPU.Build.0 = Release|Any CPU
	EndGlobalSection
	GlobalSection(SolutionProperties) = preSolution
		HideSolutionNode = FALSE
	EndGlobalSection
	GlobalSection(ExtensibilityGlobals) = postSolution
		SolutionGuid = {EAEAC0FF-3BC6-47C1-A247-1C4B2D30A9CD}
	EndGlobalSection
EndGlobal
